
Microsoft Visual Studio Solution File, Format Version 12.00
# Visual Studio 15
VisualStudioVersion = 15.0.28010.2019
MinimumVisualStudioVersion = 10.0.40219.1
Project("{FAE04EC0-301F-11D3-BF4B-00C04F79EFBC}") = "Sharp FoPop", "Sharp FoPop\Sharp FoPop.csproj", "{7D95C950-2680-4373-91D3-AA3E826FC9B6}"
EndProject
Global
	GlobalSection(SolutionConfigurationPlatforms) = preSolution
		Debug|Any CPU = Debug|Any CPU
		Release|Any CPU = Release|Any CPU
	EndGlobalSection
	GlobalSection(ProjectConfigurationPlatforms) = postSolution
		{7D95C950-2680-4373-91D3-AA3E826FC9B6}.Debug|Any CPU.ActiveCfg = Debug|Any CPU
		{7D95C950-2680-4373-91D3-AA3E826FC9B6}.Debug|Any CPU.Build.0 = Debug|Any CPU
		{7D95C950-2680-4373-91D3-AA3E826FC9B6}.Release|Any CPU.ActiveCfg = Release|Any CPU
		{7D95C950-2680-4373-91D3-AA3E826FC9B6}.Release|Any CPU.Build.0 = Release|Any CPU
	EndGlobalSection
	GlobalSection(SolutionProperties) = preSolution
		HideSolutionNode = FALSE
	EndGlobalSection
	GlobalSection(ExtensibilityGlobals) = postSolution
		SolutionGuid = {AEAF9335-E853-48E4-9721-730D35E09687}
	EndGlobalSection
EndGlobal
